
Microsoft Visual Studio Solution File, Format Version 12.00
# Visual Studio Version 16
VisualStudioVersion = 16.0.31019.35
MinimumVisualStudioVersion = 10.0.40219.1
Project("{FAE04EC0-301F-11D3-BF4B-00C04F79EFBC}") = "Opportunitool", "Opportunitool\Opportunitool.csproj", "{24C50D9B-760C-44C8-9361-8F3563F7D5EE}"
EndProject
Global
	GlobalSection(SolutionConfigurationPlatforms) = preSolution
		Debug|Any CPU = Debug|Any CPU
		Release|Any CPU = Release|Any CPU
	EndGlobalSection
	GlobalSection(ProjectConfigurationPlatforms) = postSolution
		{24C50D9B-760C-44C8-9361-8F3563F7D5EE}.Debug|Any CPU.ActiveCfg = Debug|Any CPU
		{24C50D9B-760C-44C8-9361-8F3563F7D5EE}.Debug|Any CPU.Build.0 = Debug|Any CPU
		{24C50D9B-760C-44C8-9361-8F3563F7D5EE}.Release|Any CPU.ActiveCfg = Release|Any CPU
		{24C50D9B-760C-44C8-9361-8F3563F7D5EE}.Release|Any CPU.Build.0 = Release|Any CPU
	EndGlobalSection
	GlobalSection(SolutionProperties) = preSolution
		HideSolutionNode = FALSE
	EndGlobalSection
	GlobalSection(ExtensibilityGlobals) = postSolution
		SolutionGuid = {30E50820-BF3A-45B7-8EF0-8B9E62F59805}
	EndGlobalSection
EndGlobal
